<Solution>
  <Folder Name="/Solution Items/">
    <File Path=".github/workflows/copilot-setup-steps.yml.bak" />
    <File Path=".github/workflows/dotnet-desktop.yml" />
    <File Path="README.md" />
  </Folder>
  <Folder Name="/src/">
    <Project Path="src/GetFrame.Android/GetFrame.Android.csproj" />
    <Project Path="src/GetFrame.Core/GetFrame.Core.csproj" />
    <Project Path="src/GetFrame.Windows/GetFrame.Windows.csproj" />
  </Folder>
</Solution>
